
Microsoft Visual Studio Solution File, Format Version 12.00
# Visual Studio 15
VisualStudioVersion = 15.0.26730.15
MinimumVisualStudioVersion = 10.0.40219.1
Project("{9A19103F-16F7-4668-BE54-9A1E7A4F7556}") = "CryptoNote.RPC", "CryptoNote.RPC\CryptoNote.RPC.csproj", "{1190D5B0-B50B-4247-B3AA-4CE8F1B428F6}"
EndProject
Project("{FAE04EC0-301F-11D3-BF4B-00C04F79EFBC}") = "CryptoNote.Tests", "CryptoNote.Tests\CryptoNote.Tests.csproj", "{9137D186-49AA-47CB-A95A-AA2DB78F70F9}"
EndProject
Global
	GlobalSection(SolutionConfigurationPlatforms) = preSolution
		Debug|Any CPU = Debug|Any CPU
		Release|Any CPU = Release|Any CPU
	EndGlobalSection
	GlobalSection(ProjectConfigurationPlatforms) = postSolution
		{1190D5B0-B50B-4247-B3AA-4CE8F1B428F6}.Debug|Any CPU.ActiveCfg = Debug|Any CPU
		{1190D5B0-B50B-4247-B3AA-4CE8F1B428F6}.Debug|Any CPU.Build.0 = Debug|Any CPU
		{1190D5B0-B50B-4247-B3AA-4CE8F1B428F6}.Release|Any CPU.ActiveCfg = Release|Any CPU
		{1190D5B0-B50B-4247-B3AA-4CE8F1B428F6}.Release|Any CPU.Build.0 = Release|Any CPU
		{9137D186-49AA-47CB-A95A-AA2DB78F70F9}.Debug|Any CPU.ActiveCfg = Debug|Any CPU
		{9137D186-49AA-47CB-A95A-AA2DB78F70F9}.Debug|Any CPU.Build.0 = Debug|Any CPU
		{9137D186-49AA-47CB-A95A-AA2DB78F70F9}.Release|Any CPU.ActiveCfg = Release|Any CPU
		{9137D186-49AA-47CB-A95A-AA2DB78F70F9}.Release|Any CPU.Build.0 = Release|Any CPU
	EndGlobalSection
	GlobalSection(SolutionProperties) = preSolution
		HideSolutionNode = FALSE
	EndGlobalSection
	GlobalSection(ExtensibilityGlobals) = postSolution
		SolutionGuid = {DC26AE1B-0125-4D8C-8F3B-6C64568ED0E9}
	EndGlobalSection
EndGlobal
